// !$*UTF8*$!
{
	archiveVersion = 1;
	classes = {
	};
	objectVersion = 46;
	objects = {

/* Begin PBXBuildFile section */
		2BA803011AA98A820054377F /* AppDelegate.swift in Sources */ = {isa = PBXBuildFile; fileRef = 2BA803001AA98A820054377F /* AppDelegate.swift */; };
		2BA803031AA98A820054377F /* ViewController.swift in Sources */ = {isa = PBXBuildFile; fileRef = 2BA803021AA98A820054377F /* ViewController.swift */; };
		2BA803061AA98A820054377F /* Main.storyboard in Resources */ = {isa = PBXBuildFile; fileRef = 2BA803041AA98A820054377F /* Main.storyboard */; };
		2BA803081AA98A820054377F /* Images.xcassets in Resources */ = {isa = PBXBuildFile; fileRef = 2BA803071AA98A820054377F /* Images.xcassets */; };
		2BA8030B1AA98A820054377F /* LaunchScreen.xib in Resources */ = {isa = PBXBuildFile; fileRef = 2BA803091AA98A820054377F /* LaunchScreen.xib */; };
		2BA803171AA98A820054377F /* Carousel_AppTests.swift in Sources */ = {isa = PBXBuildFile; fileRef = 2BA803161AA98A820054377F /* Carousel_AppTests.swift */; };
/* End PBXBuildFile section */

/* Begin PBXContainerItemProxy section */
		2BA803111AA98A820054377F /* PBXContainerItemProxy */ = {
			isa = PBXContainerItemProxy;
			containerPortal = 2BA802F31AA98A820054377F /* Project object */;
			proxyType = 1;
			remoteGlobalIDString = 2BA802FA1AA98A820054377F;
			remoteInfo = "Carousel App";
		};
/* End PBXContainerItemProxy section */

/* Begin PBXFileReference section */
		2BA802FB1AA98A820054377F /* Carousel App.app */ = {isa = PBXFileReference; explicitFileType = wrapper.application; includeInIndex = 0; path = "Carousel App.app"; sourceTree = BUILT_PRODUCTS_DIR; };
		2BA802FF1AA98A820054377F /* Info.plist */ = {isa = PBXFileReference; lastKnownFileType = text.plist.xml; path = Info.plist; sourceTree = "<group>"; };
		2BA803001AA98A820054377F /* AppDelegate.swift */ = {isa = PBXFileReference; lastKnownFileType = sourcecode.swift; path = AppDelegate.swift; sourceTree = "<group>"; };
		2BA803021AA98A820054377F /* ViewController.swift */ = {isa = PBXFileReference; lastKnownFileType = sourcecode.swift; path = ViewController.swift; sourceTree = "<group>"; };
		2BA803051AA98A820054377F /* Base */ = {isa = PBXFileReference; lastKnownFileType = file.storyboard; name = Base; path = Base.lproj/Main.storyboard; sourceTree = "<group>"; };
		2BA803071AA98A820054377F /* Images.xcassets */ = {isa = PBXFileReference; lastKnownFileType = folder.assetcatalog; path = Images.xcassets; sourceTree = "<group>"; };
		2BA8030A1AA98A820054377F /* Base */ = {isa = PBXFileReference; lastKnownFileType = file.xib; name = Base; path = Base.lproj/LaunchScreen.xib; sourceTree = "<group>"; };
		2BA803101AA98A820054377F /* Carousel AppTests.xctest */ = {isa = PBXFileReference; explicitFileType = wrapper.cfbundle; includeInIndex = 0; path = "Carousel AppTests.xctest"; sourceTree = BUILT_PRODUCTS_DIR; };
		2BA803151AA98A820054377F /* Info.plist */ = {isa = PBXFileReference; lastKnownFileType = text.plist.xml; path = Info.plist; sourceTree = "<group>"; };
		2BA803161AA98A820054377F /* Carousel_AppTests.swift */ = {isa = PBXFileReference; lastKnownFileType = sourcecode.swift; path = Carousel_AppTests.swift; sourceTree = "<group>"; };
/* End PBXFileReference section */

/* Begin PBXFrameworksBuildPhase section */
		2BA802F81AA98A820054377F /* Frameworks */ = {
			isa = PBXFrameworksBuildPhase;
			buildActionMask = 2147483647;
			files = (
			);
			runOnlyForDeploymentPostprocessing = 0;
		};
		2BA8030D1AA98A820054377F /* Frameworks */ = {
			isa = PBXFrameworksBuildPhase;
			buildActionMask = 2147483647;
			files = (
			);
			runOnlyForDeploymentPostprocessing = 0;
		};
/* End PBXFrameworksBuildPhase section */

/* Begin PBXGroup section */
		2BA802F21AA98A820054377F = {
			isa = PBXGroup;
			children = (
				2BA802FD1AA98A820054377F /* Carousel App */,
				2BA803131AA98A820054377F /* Carousel AppTests */,
				2BA802FC1AA98A820054377F /* Products */,
			);
			sourceTree = "<group>";
		};
		2BA802FC1AA98A820054377F /* Products */ = {
			isa = PBXGroup;
			children = (
				2BA802FB1AA98A820054377F /* Carousel App.app */,
				2BA803101AA98A820054377F /* Carousel AppTests.xctest */,
			);
			name = Products;
			sourceTree = "<group>";
		};
		2BA802FD1AA98A820054377F /* Carousel App */ = {
			isa = PBXGroup;
			children = (
				2BA803001AA98A820054377F /* AppDelegate.swift */,
				2BA803021AA98A820054377F /* ViewController.swift */,
				2BA803041AA98A820054377F /* Main.storyboard */,
				2BA803071AA98A820054377F /* Images.xcassets */,
				2BA803091AA98A820054377F /* LaunchScreen.xib */,
				2BA802FE1AA98A820054377F /* Supporting Files */,
			);
			path = "Carousel App";
			sourceTree = "<group>";
		};
		2BA802FE1AA98A820054377F /* Supporting Files */ = {
			isa = PBXGroup;
			children = (
				2BA802FF1AA98A820054377F /* Info.plist */,
			);
			name = "Supporting Files";
			sourceTree = "<group>";
		};
		2BA803131AA98A820054377F /* Carousel AppTests */ = {
			isa = PBXGroup;
			children = (
				2BA803161AA98A820054377F /* Carousel_AppTests.swift */,
				2BA803141AA98A820054377F /* Supporting Files */,
			);
			path = "Carousel AppTests";
			sourceTree = "<group>";
		};
		2BA803141AA98A820054377F /* Supporting Files */ = {
			isa = PBXGroup;
			children = (
				2BA803151AA98A820054377F /* Info.plist */,
			);
			name = "Supporting Files";
			sourceTree = "<group>";
		};
/* End PBXGroup section */

/* Begin PBXNativeTarget section */
		2BA802FA1AA98A820054377F /* Carousel App */ = {
			isa = PBXNativeTarget;
			buildConfigurationList = 2BA8031A1AA98A820054377F /* Build configuration list for PBXNativeTarget "Carousel App" */;
			buildPhases = (
				2BA802F71AA98A820054377F /* Sources */,
				2BA802F81AA98A820054377F /* Frameworks */,
				2BA802F91AA98A820054377F /* Resources */,
			);
			buildRules = (
			);
			dependencies = (
			);
			name = "Carousel App";
			productName = "Carousel App";
			productReference = 2BA802FB1AA98A820054377F /* Carousel App.app */;
			productType = "com.apple.product-type.application";
		};
		2BA8030F1AA98A820054377F /* Carousel AppTests */ = {
			isa = PBXNativeTarget;
			buildConfigurationList = 2BA8031D1AA98A820054377F /* Build configuration list for PBXNativeTarget "Carousel AppTests" */;
			buildPhases = (
				2BA8030C1AA98A820054377F /* Sources */,
				2BA8030D1AA98A820054377F /* Frameworks */,
				2BA8030E1AA98A820054377F /* Resources */,
			);
			buildRules = (
			);
			dependencies = (
				2BA803121AA98A820054377F /* PBXTargetDependency */,
			);
			name = "Carousel AppTests";
			productName = "Carousel AppTests";
			productReference = 2BA803101AA98A820054377F /* Carousel AppTests.xctest */;
			productType = "com.apple.product-type.bundle.unit-test";
		};
/* End PBXNativeTarget section */

/* Begin PBXProject section */
		2BA802F31AA98A820054377F /* Project object */ = {
			isa = PBXProject;
			attributes = {
				LastUpgradeCheck = 0610;
				ORGANIZATIONNAME = "Anuj Verma";
				TargetAttributes = {
					2BA802FA1AA98A820054377F = {
						CreatedOnToolsVersion = 6.1.1;
					};
					2BA8030F1AA98A820054377F = {
						CreatedOnToolsVersion = 6.1.1;
						TestTargetID = 2BA802FA1AA98A820054377F;
					};
				};
			};
			buildConfigurationList = 2BA802F61AA98A820054377F /* Build configuration list for PBXProject "Carousel App" */;
			compatibilityVersion = "Xcode 3.2";
			developmentRegion = English;
			hasScannedForEncodings = 0;
			knownRegions = (
				en,
				Base,
			);
			mainGroup = 2BA802F21AA98A820054377F;
			productRefGroup = 2BA802FC1AA98A820054377F /* Products */;
			projectDirPath = "";
			projectRoot = "";
			targets = (
				2BA802FA1AA98A820054377F /* Carousel App */,
				2BA8030F1AA98A820054377F /* Carousel AppTests */,
			);
		};
/* End PBXProject section */

/* Begin PBXResourcesBuildPhase section */
		2BA802F91AA98A820054377F /* Resources */ = {
			isa = PBXResourcesBuildPhase;
			buildActionMask = 2147483647;
			files = (
				2BA803061AA98A820054377F /* Main.storyboard in Resources */,
				2BA8030B1AA98A820054377F /* LaunchScreen.xib in Resources */,
				2BA803081AA98A820054377F /* Images.xcassets in Resources */,
			);
			runOnlyForDeploymentPostprocessing = 0;
		};
		2BA8030E1AA98A820054377F /* Resources */ = {
			isa = PBXResourcesBuildPhase;
			buildActionMask = 2147483647;
			files = (
			);
			runOnlyForDeploymentPostprocessing = 0;
		};
/* End PBXResourcesBuildPhase section */

/* Begin PBXSourcesBuildPhase section */
		2BA802F71AA98A820054377F /* Sources */ = {
			isa = PBXSourcesBuildPhase;
			buildActionMask = 2147483647;
			files = (
				2BA803031AA98A820054377F /* ViewController.swift in Sources */,
				2BA803011AA98A820054377F /* AppDelegate.swift in Sources */,
			);
			runOnlyForDeploymentPostprocessing = 0;
		};
		2BA8030C1AA98A820054377F /* Sources */ = {
			isa = PBXSourcesBuildPhase;
			buildActionMask = 2147483647;
			files = (
				2BA803171AA98A820054377F /* Carousel_AppTests.swift in Sources */,
			);
			runOnlyForDeploymentPostprocessing = 0;
		};
/* End PBXSourcesBuildPhase section */

/* Begin PBXTargetDependency section */
		2BA803121AA98A820054377F /* PBXTargetDependency */ = {
			isa = PBXTargetDependency;
			target = 2BA802FA1AA98A820054377F /* Carousel App */;
			targetProxy = 2BA803111AA98A820054377F /* PBXContainerItemProxy */;
		};
/* End PBXTargetDependency section */

/* Begin PBXVariantGroup section */
		2BA803041AA98A820054377F /* Main.storyboard */ = {
			isa = PBXVariantGroup;
			children = (
				2BA803051AA98A820054377F /* Base */,
			);
			name = Main.storyboard;
			sourceTree = "<group>";
		};
		2BA803091AA98A820054377F /* LaunchScreen.xib */ = {
			isa = PBXVariantGroup;
			children = (
				2BA8030A1AA98A820054377F /* Base */,
			);
			name = LaunchScreen.xib;
			sourceTree = "<group>";
		};
/* End PBXVariantGroup section */

/* Begin XCBuildConfiguration section */
		2BA803181AA98A820054377F /* Debug */ = {
			isa = XCBuildConfiguration;
			buildSettings = {
				ALWAYS_SEARCH_USER_PATHS = NO;
				CLANG_CXX_LANGUAGE_STANDARD = "gnu++0x";
				CLANG_CXX_LIBRARY = "libc++";
				CLANG_ENABLE_MODULES = YES;
				CLANG_ENABLE_OBJC_ARC = YES;
				CLANG_WARN_BOOL_CONVERSION = YES;
				CLANG_WARN_CONSTANT_CONVERSION = YES;
				CLANG_WARN_DIRECT_OBJC_ISA_USAGE = YES_ERROR;
				CLANG_WARN_EMPTY_BODY = YES;
				CLANG_WARN_ENUM_CONVERSION = YES;
				CLANG_WARN_INT_CONVERSION = YES;
				CLANG_WARN_OBJC_ROOT_CLASS = YES_ERROR;
				CLANG_WARN_UNREACHABLE_CODE = YES;
				CLANG_WARN__DUPLICATE_METHOD_MATCH = YES;
				"CODE_SIGN_IDENTITY[sdk=iphoneos*]" = "iPhone Developer";
				COPY_PHASE_STRIP = NO;
				ENABLE_STRICT_OBJC_MSGSEND = YES;
				GCC_C_LANGUAGE_STANDARD = gnu99;
				GCC_DYNAMIC_NO_PIC = NO;
				GCC_OPTIMIZATION_LEVEL = 0;
				GCC_PREPROCESSOR_DEFINITIONS = (
					"DEBUG=1",
					"$(inherited)",
				);
				GCC_SYMBOLS_PRIVATE_EXTERN = NO;
				GCC_WARN_64_TO_32_BIT_CONVERSION = YES;
				GCC_WARN_ABOUT_RETURN_TYPE = YES_ERROR;
				GCC_WARN_UNDECLARED_SELECTOR = YES;
				GCC_WARN_UNINITIALIZED_AUTOS = YES_AGGRESSIVE;
				GCC_WARN_UNUSED_FUNCTION = YES;
				GCC_WARN_UNUSED_VARIABLE = YES;
				IPHONEOS_DEPLOYMENT_TARGET = 8.1;
				MTL_ENABLE_DEBUG_INFO = YES;
				ONLY_ACTIVE_ARCH = YES;
				SDKROOT = iphoneos;
				SWIFT_OPTIMIZATION_LEVEL = "-Onone";
			};
			name = Debug;
		};
		2BA803191AA98A820054377F /* Release */ = {
			isa = XCBuildConfiguration;
			buildSettings = {
				ALWAYS_SEARCH_USER_PATHS = NO;
				CLANG_CXX_LANGUAGE_STANDARD = "gnu++0x";
				CLANG_CXX_LIBRARY = "libc++";
				CLANG_ENABLE_MODULES = YES;
				CLANG_ENABLE_OBJC_ARC = YES;
				CLANG_WARN_BOOL_CONVERSION = YES;
				CLANG_WARN_CONSTANT_CONVERSION = YES;
				CLANG_WARN_DIRECT_OBJC_ISA_USAGE = YES_ERROR;
				CLANG_WARN_EMPTY_BODY = YES;
				CLANG_WARN_ENUM_CONVERSION = YES;
				CLANG_WARN_INT_CONVERSION = YES;
				CLANG_WARN_OBJC_ROOT_CLASS = YES_ERROR;
				CLANG_WARN_UNREACHABLE_CODE = YES;
				CLANG_WARN__DUPLICATE_METHOD_MATCH = YES;
				"CODE_SIGN_IDENTITY[sdk=iphoneos*]" = "iPhone Developer";
				COPY_PHASE_STRIP = YES;
				ENABLE_NS_ASSERTIONS = NO;
				ENABLE_STRICT_OBJC_MSGSEND = YES;
				GCC_C_LANGUAGE_STANDARD = gnu99;
				GCC_WARN_64_TO_32_BIT_CONVERSION = YES;
				GCC_WARN_ABOUT_RETURN_TYPE = YES_ERROR;
				GCC_WARN_UNDECLARED_SELECTOR = YES;
				GCC_WARN_UNINITIALIZED_AUTOS = YES_AGGRESSIVE;
				GCC_WARN_UNUSED_FUNCTION = YES;
				GCC_WARN_UNUSED_VARIABLE = YES;
				IPHONEOS_DEPLOYMENT_TARGET = 8.1;
				MTL_ENABLE_DEBUG_INFO = NO;
				SDKROOT = iphoneos;
				VALIDATE_PRODUCT = YES;
			};
			name = Release;
		};
		2BA8031B1AA98A820054377F /* Debug */ = {
			isa = XCBuildConfiguration;
			buildSettings = {
				ASSETCATALOG_COMPILER_APPICON_NAME = AppIcon;
				INFOPLIST_FILE = "Carousel App/Info.plist";
				LD_RUNPATH_SEARCH_PATHS = "$(inherited) @executable_path/Frameworks";
				PRODUCT_NAME = "$(TARGET_NAME)";
			};
			name = Debug;
		};
		2BA8031C1AA98A820054377F /* Release */ = {
			isa = XCBuildConfiguration;
			buildSettings = {
				ASSETCATALOG_COMPILER_APPICON_NAME = AppIcon;
				INFOPLIST_FILE = "Carousel App/Info.plist";
				LD_RUNPATH_SEARCH_PATHS = "$(inherited) @executable_path/Frameworks";
				PRODUCT_NAME = "$(TARGET_NAME)";
			};
			name = Release;
		};
		2BA8031E1AA98A820054377F /* Debug */ = {
			isa = XCBuildConfiguration;
			buildSettings = {
				BUNDLE_LOADER = "$(TEST_HOST)";
				FRAMEWORK_SEARCH_PATHS = (
					"$(SDKROOT)/Developer/Library/Frameworks",
					"$(inherited)",
				);
				GCC_PREPROCESSOR_DEFINITIONS = (
					"DEBUG=1",
					"$(inherited)",
				);
				INFOPLIST_FILE = "Carousel AppTests/Info.plist";
				LD_RUNPATH_SEARCH_PATHS = "$(inherited) @executable_path/Frameworks @loader_path/Frameworks";
				PRODUCT_NAME = "$(TARGET_NAME)";
				TEST_HOST = "$(BUILT_PRODUCTS_DIR)/Carousel App.app/Carousel App";
			};
			name = Debug;
		};
		2BA8031F1AA98A820054377F /* Release */ = {
			isa = XCBuildConfiguration;
			buildSettings = {
				BUNDLE_LOADER = "$(TEST_HOST)";
				FRAMEWORK_SEARCH_PATHS = (
					"$(SDKROOT)/Developer/Library/Frameworks",
					"$(inherited)",
				);
				INFOPLIST_FILE = "Carousel AppTests/Info.plist";
				LD_RUNPATH_SEARCH_PATHS = "$(inherited) @executable_path/Frameworks @loader_path/Frameworks";
				PRODUCT_NAME = "$(TARGET_NAME)";
				TEST_HOST = "$(BUILT_PRODUCTS_DIR)/Carousel App.app/Carousel App";
			};
			name = Release;
		};
/* End XCBuildConfiguration section */

/* Begin XCConfigurationList section */
		2BA802F61AA98A820054377F /* Build configuration list for PBXProject "Carousel App" */ = {
			isa = XCConfigurationList;
			buildConfigurations = (
				2BA803181AA98A820054377F /* Debug */,
				2BA803191AA98A820054377F /* Release */,
			);
			defaultConfigurationIsVisible = 0;
			defaultConfigurationName = Release;
		};
		2BA8031A1AA98A820054377F /* Build configuration list for PBXNativeTarget "Carousel App" */ = {
			isa = XCConfigurationList;
			buildConfigurations = (
				2BA8031B1AA98A820054377F /* Debug */,
				2BA8031C1AA98A820054377F /* Release */,
			);
			defaultConfigurationIsVisible = 0;
		};
		2BA8031D1AA98A820054377F /* Build configuration list for PBXNativeTarget "Carousel AppTests" */ = {
			isa = XCConfigurationList;
			buildConfigurations = (
				2BA8031E1AA98A820054377F /* Debug */,
				2BA8031F1AA98A820054377F /* Release */,
			);
			defaultConfigurationIsVisible = 0;
		};
/* End XCConfigurationList section */
	};
	rootObject = 2BA802F31AA98A820054377F /* Project object */;
}
