// !$*UTF8*$!
{
	archiveVersion = 1;
	classes = {
	};
	objectVersion = 46;
	objects = {

/* Begin PBXBuildFile section */
		2453AE671AB12ED200769460 /* AppDelegate.swift in Sources */ = {isa = PBXBuildFile; fileRef = 2453AE661AB12ED200769460 /* AppDelegate.swift */; };
		2453AE691AB12ED200769460 /* ViewController.swift in Sources */ = {isa = PBXBuildFile; fileRef = 2453AE681AB12ED200769460 /* ViewController.swift */; };
		2453AE6C1AB12ED200769460 /* Main.storyboard in Resources */ = {isa = PBXBuildFile; fileRef = 2453AE6A1AB12ED200769460 /* Main.storyboard */; };
		2453AE6E1AB12ED200769460 /* Images.xcassets in Resources */ = {isa = PBXBuildFile; fileRef = 2453AE6D1AB12ED200769460 /* Images.xcassets */; };
		2453AE711AB12ED200769460 /* LaunchScreen.xib in Resources */ = {isa = PBXBuildFile; fileRef = 2453AE6F1AB12ED200769460 /* LaunchScreen.xib */; };
		2453AE7D1AB12ED200769460 /* TableTestTests.swift in Sources */ = {isa = PBXBuildFile; fileRef = 2453AE7C1AB12ED200769460 /* TableTestTests.swift */; };
		2453AE871AB12F6A00769460 /* DemoTableViewCell.swift in Sources */ = {isa = PBXBuildFile; fileRef = 2453AE861AB12F6A00769460 /* DemoTableViewCell.swift */; };
		2453AE891AB12F7B00769460 /* DemoTableViewController.swift in Sources */ = {isa = PBXBuildFile; fileRef = 2453AE881AB12F7B00769460 /* DemoTableViewController.swift */; };
		2453AE8B1AB137E800769460 /* Podfile in Resources */ = {isa = PBXBuildFile; fileRef = 2453AE8A1AB137E800769460 /* Podfile */; };
		248E047E1AB15F7D004A6086 /* Common.swift in Sources */ = {isa = PBXBuildFile; fileRef = 248E047D1AB15F7D004A6086 /* Common.swift */; };
		98AC4E0BF22391DA7C37345D /* Pods.framework in Frameworks */ = {isa = PBXBuildFile; fileRef = CE2994F818C236E1B2F6842D /* Pods.framework */; settings = {ATTRIBUTES = (Weak, ); }; };
/* End PBXBuildFile section */

/* Begin PBXContainerItemProxy section */
		2453AE771AB12ED200769460 /* PBXContainerItemProxy */ = {
			isa = PBXContainerItemProxy;
			containerPortal = 2453AE591AB12ED100769460 /* Project object */;
			proxyType = 1;
			remoteGlobalIDString = 2453AE601AB12ED100769460;
			remoteInfo = TableTest;
		};
/* End PBXContainerItemProxy section */

/* Begin PBXFileReference section */
		14E624C37EF1BB7A2E652178 /* Pods.debug.xcconfig */ = {isa = PBXFileReference; includeInIndex = 1; lastKnownFileType = text.xcconfig; name = Pods.debug.xcconfig; path = "Pods/Target Support Files/Pods/Pods.debug.xcconfig"; sourceTree = "<group>"; };
		2453AE611AB12ED100769460 /* TableTest.app */ = {isa = PBXFileReference; explicitFileType = wrapper.application; includeInIndex = 0; path = TableTest.app; sourceTree = BUILT_PRODUCTS_DIR; };
		2453AE651AB12ED200769460 /* Info.plist */ = {isa = PBXFileReference; lastKnownFileType = text.plist.xml; path = Info.plist; sourceTree = "<group>"; };
		2453AE661AB12ED200769460 /* AppDelegate.swift */ = {isa = PBXFileReference; lastKnownFileType = sourcecode.swift; path = AppDelegate.swift; sourceTree = "<group>"; };
		2453AE681AB12ED200769460 /* ViewController.swift */ = {isa = PBXFileReference; lastKnownFileType = sourcecode.swift; path = ViewController.swift; sourceTree = "<group>"; };
		2453AE6B1AB12ED200769460 /* Base */ = {isa = PBXFileReference; lastKnownFileType = file.storyboard; name = Base; path = Base.lproj/Main.storyboard; sourceTree = "<group>"; };
		2453AE6D1AB12ED200769460 /* Images.xcassets */ = {isa = PBXFileReference; lastKnownFileType = folder.assetcatalog; path = Images.xcassets; sourceTree = "<group>"; };
		2453AE701AB12ED200769460 /* Base */ = {isa = PBXFileReference; lastKnownFileType = file.xib; name = Base; path = Base.lproj/LaunchScreen.xib; sourceTree = "<group>"; };
		2453AE761AB12ED200769460 /* TableTestTests.xctest */ = {isa = PBXFileReference; explicitFileType = wrapper.cfbundle; includeInIndex = 0; path = TableTestTests.xctest; sourceTree = BUILT_PRODUCTS_DIR; };
		2453AE7B1AB12ED200769460 /* Info.plist */ = {isa = PBXFileReference; lastKnownFileType = text.plist.xml; path = Info.plist; sourceTree = "<group>"; };
		2453AE7C1AB12ED200769460 /* TableTestTests.swift */ = {isa = PBXFileReference; lastKnownFileType = sourcecode.swift; path = TableTestTests.swift; sourceTree = "<group>"; };
		2453AE861AB12F6A00769460 /* DemoTableViewCell.swift */ = {isa = PBXFileReference; fileEncoding = 4; lastKnownFileType = sourcecode.swift; path = DemoTableViewCell.swift; sourceTree = "<group>"; };
		2453AE881AB12F7B00769460 /* DemoTableViewController.swift */ = {isa = PBXFileReference; fileEncoding = 4; lastKnownFileType = sourcecode.swift; path = DemoTableViewController.swift; sourceTree = "<group>"; };
		2453AE8A1AB137E800769460 /* Podfile */ = {isa = PBXFileReference; fileEncoding = 4; lastKnownFileType = text; path = Podfile; sourceTree = "<group>"; };
		248E047D1AB15F7D004A6086 /* Common.swift */ = {isa = PBXFileReference; fileEncoding = 4; lastKnownFileType = sourcecode.swift; path = Common.swift; sourceTree = "<group>"; };
		C19780B100B3AAE4A469F95E /* Pods.release.xcconfig */ = {isa = PBXFileReference; includeInIndex = 1; lastKnownFileType = text.xcconfig; name = Pods.release.xcconfig; path = "Pods/Target Support Files/Pods/Pods.release.xcconfig"; sourceTree = "<group>"; };
		CE2994F818C236E1B2F6842D /* Pods.framework */ = {isa = PBXFileReference; explicitFileType = wrapper.framework; includeInIndex = 0; path = Pods.framework; sourceTree = BUILT_PRODUCTS_DIR; };
/* End PBXFileReference section */

/* Begin PBXFrameworksBuildPhase section */
		2453AE5E1AB12ED100769460 /* Frameworks */ = {
			isa = PBXFrameworksBuildPhase;
			buildActionMask = 2147483647;
			files = (
				98AC4E0BF22391DA7C37345D /* Pods.framework in Frameworks */,
			);
			runOnlyForDeploymentPostprocessing = 0;
		};
		2453AE731AB12ED200769460 /* Frameworks */ = {
			isa = PBXFrameworksBuildPhase;
			buildActionMask = 2147483647;
			files = (
			);
			runOnlyForDeploymentPostprocessing = 0;
		};
/* End PBXFrameworksBuildPhase section */

/* Begin PBXGroup section */
		2453AE581AB12ED100769460 = {
			isa = PBXGroup;
			children = (
				2453AE8A1AB137E800769460 /* Podfile */,
				2453AE631AB12ED100769460 /* TableTest */,
				2453AE791AB12ED200769460 /* TableTestTests */,
				2453AE621AB12ED100769460 /* Products */,
				E3180F1C2B9EA3CBF46DE10A /* Pods */,
				51499C86EF69B5A1F96B0E77 /* Frameworks */,
			);
			sourceTree = "<group>";
		};
		2453AE621AB12ED100769460 /* Products */ = {
			isa = PBXGroup;
			children = (
				2453AE611AB12ED100769460 /* TableTest.app */,
				2453AE761AB12ED200769460 /* TableTestTests.xctest */,
			);
			name = Products;
			sourceTree = "<group>";
		};
		2453AE631AB12ED100769460 /* TableTest */ = {
			isa = PBXGroup;
			children = (
				2453AE661AB12ED200769460 /* AppDelegate.swift */,
				2453AE681AB12ED200769460 /* ViewController.swift */,
				248E047D1AB15F7D004A6086 /* Common.swift */,
				2453AE6A1AB12ED200769460 /* Main.storyboard */,
				2453AE881AB12F7B00769460 /* DemoTableViewController.swift */,
				2453AE861AB12F6A00769460 /* DemoTableViewCell.swift */,
				2453AE6D1AB12ED200769460 /* Images.xcassets */,
				2453AE6F1AB12ED200769460 /* LaunchScreen.xib */,
				2453AE641AB12ED200769460 /* Supporting Files */,
			);
			path = TableTest;
			sourceTree = "<group>";
		};
		2453AE641AB12ED200769460 /* Supporting Files */ = {
			isa = PBXGroup;
			children = (
				2453AE651AB12ED200769460 /* Info.plist */,
			);
			name = "Supporting Files";
			sourceTree = "<group>";
		};
		2453AE791AB12ED200769460 /* TableTestTests */ = {
			isa = PBXGroup;
			children = (
				2453AE7C1AB12ED200769460 /* TableTestTests.swift */,
				2453AE7A1AB12ED200769460 /* Supporting Files */,
			);
			path = TableTestTests;
			sourceTree = "<group>";
		};
		2453AE7A1AB12ED200769460 /* Supporting Files */ = {
			isa = PBXGroup;
			children = (
				2453AE7B1AB12ED200769460 /* Info.plist */,
			);
			name = "Supporting Files";
			sourceTree = "<group>";
		};
		51499C86EF69B5A1F96B0E77 /* Frameworks */ = {
			isa = PBXGroup;
			children = (
				CE2994F818C236E1B2F6842D /* Pods.framework */,
			);
			name = Frameworks;
			sourceTree = "<group>";
		};
		E3180F1C2B9EA3CBF46DE10A /* Pods */ = {
			isa = PBXGroup;
			children = (
				14E624C37EF1BB7A2E652178 /* Pods.debug.xcconfig */,
				C19780B100B3AAE4A469F95E /* Pods.release.xcconfig */,
			);
			name = Pods;
			sourceTree = "<group>";
		};
/* End PBXGroup section */

/* Begin PBXNativeTarget section */
		2453AE601AB12ED100769460 /* TableTest */ = {
			isa = PBXNativeTarget;
			buildConfigurationList = 2453AE801AB12ED200769460 /* Build configuration list for PBXNativeTarget "TableTest" */;
			buildPhases = (
				C985249FE8E1C37F0E19E7B7 /* Check Pods Manifest.lock */,
				2453AE5D1AB12ED100769460 /* Sources */,
				2453AE5E1AB12ED100769460 /* Frameworks */,
				2453AE5F1AB12ED100769460 /* Resources */,
				BE1F3B574BD57EE16FF50136 /* Embed Pods Frameworks */,
				65279263843F0DE620CCB5D8 /* Copy Pods Resources */,
			);
			buildRules = (
			);
			dependencies = (
			);
			name = TableTest;
			productName = TableTest;
			productReference = 2453AE611AB12ED100769460 /* TableTest.app */;
			productType = "com.apple.product-type.application";
		};
		2453AE751AB12ED200769460 /* TableTestTests */ = {
			isa = PBXNativeTarget;
			buildConfigurationList = 2453AE831AB12ED200769460 /* Build configuration list for PBXNativeTarget "TableTestTests" */;
			buildPhases = (
				2453AE721AB12ED200769460 /* Sources */,
				2453AE731AB12ED200769460 /* Frameworks */,
				2453AE741AB12ED200769460 /* Resources */,
			);
			buildRules = (
			);
			dependencies = (
				2453AE781AB12ED200769460 /* PBXTargetDependency */,
			);
			name = TableTestTests;
			productName = TableTestTests;
			productReference = 2453AE761AB12ED200769460 /* TableTestTests.xctest */;
			productType = "com.apple.product-type.bundle.unit-test";
		};
/* End PBXNativeTarget section */

/* Begin PBXProject section */
		2453AE591AB12ED100769460 /* Project object */ = {
			isa = PBXProject;
			attributes = {
				LastUpgradeCheck = 0610;
				ORGANIZATIONNAME = vbits;
				TargetAttributes = {
					2453AE601AB12ED100769460 = {
						CreatedOnToolsVersion = 6.1.1;
					};
					2453AE751AB12ED200769460 = {
						CreatedOnToolsVersion = 6.1.1;
						TestTargetID = 2453AE601AB12ED100769460;
					};
				};
			};
			buildConfigurationList = 2453AE5C1AB12ED100769460 /* Build configuration list for PBXProject "TableTest" */;
			compatibilityVersion = "Xcode 3.2";
			developmentRegion = English;
			hasScannedForEncodings = 0;
			knownRegions = (
				en,
				Base,
			);
			mainGroup = 2453AE581AB12ED100769460;
			productRefGroup = 2453AE621AB12ED100769460 /* Products */;
			projectDirPath = "";
			projectRoot = "";
			targets = (
				2453AE601AB12ED100769460 /* TableTest */,
				2453AE751AB12ED200769460 /* TableTestTests */,
			);
		};
/* End PBXProject section */

/* Begin PBXResourcesBuildPhase section */
		2453AE5F1AB12ED100769460 /* Resources */ = {
			isa = PBXResourcesBuildPhase;
			buildActionMask = 2147483647;
			files = (
				2453AE6C1AB12ED200769460 /* Main.storyboard in Resources */,
				2453AE711AB12ED200769460 /* LaunchScreen.xib in Resources */,
				2453AE8B1AB137E800769460 /* Podfile in Resources */,
				2453AE6E1AB12ED200769460 /* Images.xcassets in Resources */,
			);
			runOnlyForDeploymentPostprocessing = 0;
		};
		2453AE741AB12ED200769460 /* Resources */ = {
			isa = PBXResourcesBuildPhase;
			buildActionMask = 2147483647;
			files = (
			);
			runOnlyForDeploymentPostprocessing = 0;
		};
/* End PBXResourcesBuildPhase section */

/* Begin PBXShellScriptBuildPhase section */
		65279263843F0DE620CCB5D8 /* Copy Pods Resources */ = {
			isa = PBXShellScriptBuildPhase;
			buildActionMask = 2147483647;
			files = (
			);
			inputPaths = (
			);
			name = "Copy Pods Resources";
			outputPaths = (
			);
			runOnlyForDeploymentPostprocessing = 0;
			shellPath = /bin/sh;
			shellScript = "\"${SRCROOT}/Pods/Target Support Files/Pods/Pods-resources.sh\"\n";
			showEnvVarsInLog = 0;
		};
		BE1F3B574BD57EE16FF50136 /* Embed Pods Frameworks */ = {
			isa = PBXShellScriptBuildPhase;
			buildActionMask = 2147483647;
			files = (
			);
			inputPaths = (
			);
			name = "Embed Pods Frameworks";
			outputPaths = (
			);
			runOnlyForDeploymentPostprocessing = 0;
			shellPath = /bin/sh;
			shellScript = "\"${SRCROOT}/Pods/Target Support Files/Pods/Pods-frameworks.sh\"\n";
			showEnvVarsInLog = 0;
		};
		C985249FE8E1C37F0E19E7B7 /* Check Pods Manifest.lock */ = {
			isa = PBXShellScriptBuildPhase;
			buildActionMask = 2147483647;
			files = (
			);
			inputPaths = (
			);
			name = "Check Pods Manifest.lock";
			outputPaths = (
			);
			runOnlyForDeploymentPostprocessing = 0;
			shellPath = /bin/sh;
			shellScript = "diff \"${PODS_ROOT}/../Podfile.lock\" \"${PODS_ROOT}/Manifest.lock\" > /dev/null\nif [[ $? != 0 ]] ; then\n    cat << EOM\nerror: The sandbox is not in sync with the Podfile.lock. Run 'pod install' or update your CocoaPods installation.\nEOM\n    exit 1\nfi\n";
			showEnvVarsInLog = 0;
		};
/* End PBXShellScriptBuildPhase section */

/* Begin PBXSourcesBuildPhase section */
		2453AE5D1AB12ED100769460 /* Sources */ = {
			isa = PBXSourcesBuildPhase;
			buildActionMask = 2147483647;
			files = (
				2453AE891AB12F7B00769460 /* DemoTableViewController.swift in Sources */,
				2453AE871AB12F6A00769460 /* DemoTableViewCell.swift in Sources */,
				2453AE691AB12ED200769460 /* ViewController.swift in Sources */,
				248E047E1AB15F7D004A6086 /* Common.swift in Sources */,
				2453AE671AB12ED200769460 /* AppDelegate.swift in Sources */,
			);
			runOnlyForDeploymentPostprocessing = 0;
		};
		2453AE721AB12ED200769460 /* Sources */ = {
			isa = PBXSourcesBuildPhase;
			buildActionMask = 2147483647;
			files = (
				2453AE7D1AB12ED200769460 /* TableTestTests.swift in Sources */,
			);
			runOnlyForDeploymentPostprocessing = 0;
		};
/* End PBXSourcesBuildPhase section */

/* Begin PBXTargetDependency section */
		2453AE781AB12ED200769460 /* PBXTargetDependency */ = {
			isa = PBXTargetDependency;
			target = 2453AE601AB12ED100769460 /* TableTest */;
			targetProxy = 2453AE771AB12ED200769460 /* PBXContainerItemProxy */;
		};
/* End PBXTargetDependency section */

/* Begin PBXVariantGroup section */
		2453AE6A1AB12ED200769460 /* Main.storyboard */ = {
			isa = PBXVariantGroup;
			children = (
				2453AE6B1AB12ED200769460 /* Base */,
			);
			name = Main.storyboard;
			sourceTree = "<group>";
		};
		2453AE6F1AB12ED200769460 /* LaunchScreen.xib */ = {
			isa = PBXVariantGroup;
			children = (
				2453AE701AB12ED200769460 /* Base */,
			);
			name = LaunchScreen.xib;
			sourceTree = "<group>";
		};
/* End PBXVariantGroup section */

/* Begin XCBuildConfiguration section */
		2453AE7E1AB12ED200769460 /* Debug */ = {
			isa = XCBuildConfiguration;
			buildSettings = {
				ALWAYS_SEARCH_USER_PATHS = NO;
				CLANG_CXX_LANGUAGE_STANDARD = "gnu++0x";
				CLANG_CXX_LIBRARY = "libc++";
				CLANG_ENABLE_MODULES = YES;
				CLANG_ENABLE_OBJC_ARC = YES;
				CLANG_WARN_BOOL_CONVERSION = YES;
				CLANG_WARN_CONSTANT_CONVERSION = YES;
				CLANG_WARN_DIRECT_OBJC_ISA_USAGE = YES_ERROR;
				CLANG_WARN_EMPTY_BODY = YES;
				CLANG_WARN_ENUM_CONVERSION = YES;
				CLANG_WARN_INT_CONVERSION = YES;
				CLANG_WARN_OBJC_ROOT_CLASS = YES_ERROR;
				CLANG_WARN_UNREACHABLE_CODE = YES;
				CLANG_WARN__DUPLICATE_METHOD_MATCH = YES;
				"CODE_SIGN_IDENTITY[sdk=iphoneos*]" = "iPhone Developer";
				COPY_PHASE_STRIP = NO;
				ENABLE_STRICT_OBJC_MSGSEND = YES;
				GCC_C_LANGUAGE_STANDARD = gnu99;
				GCC_DYNAMIC_NO_PIC = NO;
				GCC_OPTIMIZATION_LEVEL = 0;
				GCC_PREPROCESSOR_DEFINITIONS = (
					"DEBUG=1",
					"$(inherited)",
				);
				GCC_SYMBOLS_PRIVATE_EXTERN = NO;
				GCC_WARN_64_TO_32_BIT_CONVERSION = YES;
				GCC_WARN_ABOUT_RETURN_TYPE = YES_ERROR;
				GCC_WARN_UNDECLARED_SELECTOR = YES;
				GCC_WARN_UNINITIALIZED_AUTOS = YES_AGGRESSIVE;
				GCC_WARN_UNUSED_FUNCTION = YES;
				GCC_WARN_UNUSED_VARIABLE = YES;
				IPHONEOS_DEPLOYMENT_TARGET = 8.1;
				MTL_ENABLE_DEBUG_INFO = YES;
				ONLY_ACTIVE_ARCH = YES;
				SDKROOT = iphoneos;
				SWIFT_OPTIMIZATION_LEVEL = "-Onone";
			};
			name = Debug;
		};
		2453AE7F1AB12ED200769460 /* Release */ = {
			isa = XCBuildConfiguration;
			buildSettings = {
				ALWAYS_SEARCH_USER_PATHS = NO;
				CLANG_CXX_LANGUAGE_STANDARD = "gnu++0x";
				CLANG_CXX_LIBRARY = "libc++";
				CLANG_ENABLE_MODULES = YES;
				CLANG_ENABLE_OBJC_ARC = YES;
				CLANG_WARN_BOOL_CONVERSION = YES;
				CLANG_WARN_CONSTANT_CONVERSION = YES;
				CLANG_WARN_DIRECT_OBJC_ISA_USAGE = YES_ERROR;
				CLANG_WARN_EMPTY_BODY = YES;
				CLANG_WARN_ENUM_CONVERSION = YES;
				CLANG_WARN_INT_CONVERSION = YES;
				CLANG_WARN_OBJC_ROOT_CLASS = YES_ERROR;
				CLANG_WARN_UNREACHABLE_CODE = YES;
				CLANG_WARN__DUPLICATE_METHOD_MATCH = YES;
				"CODE_SIGN_IDENTITY[sdk=iphoneos*]" = "iPhone Developer";
				COPY_PHASE_STRIP = YES;
				ENABLE_NS_ASSERTIONS = NO;
				ENABLE_STRICT_OBJC_MSGSEND = YES;
				GCC_C_LANGUAGE_STANDARD = gnu99;
				GCC_WARN_64_TO_32_BIT_CONVERSION = YES;
				GCC_WARN_ABOUT_RETURN_TYPE = YES_ERROR;
				GCC_WARN_UNDECLARED_SELECTOR = YES;
				GCC_WARN_UNINITIALIZED_AUTOS = YES_AGGRESSIVE;
				GCC_WARN_UNUSED_FUNCTION = YES;
				GCC_WARN_UNUSED_VARIABLE = YES;
				IPHONEOS_DEPLOYMENT_TARGET = 8.1;
				MTL_ENABLE_DEBUG_INFO = NO;
				SDKROOT = iphoneos;
				VALIDATE_PRODUCT = YES;
			};
			name = Release;
		};
		2453AE811AB12ED200769460 /* Debug */ = {
			isa = XCBuildConfiguration;
			baseConfigurationReference = 14E624C37EF1BB7A2E652178 /* Pods.debug.xcconfig */;
			buildSettings = {
				ASSETCATALOG_COMPILER_APPICON_NAME = AppIcon;
				INFOPLIST_FILE = TableTest/Info.plist;
				LD_RUNPATH_SEARCH_PATHS = "$(inherited) @executable_path/Frameworks";
				PRODUCT_NAME = "$(TARGET_NAME)";
			};
			name = Debug;
		};
		2453AE821AB12ED200769460 /* Release */ = {
			isa = XCBuildConfiguration;
			baseConfigurationReference = C19780B100B3AAE4A469F95E /* Pods.release.xcconfig */;
			buildSettings = {
				ASSETCATALOG_COMPILER_APPICON_NAME = AppIcon;
				INFOPLIST_FILE = TableTest/Info.plist;
				LD_RUNPATH_SEARCH_PATHS = "$(inherited) @executable_path/Frameworks";
				PRODUCT_NAME = "$(TARGET_NAME)";
			};
			name = Release;
		};
		2453AE841AB12ED200769460 /* Debug */ = {
			isa = XCBuildConfiguration;
			buildSettings = {
				BUNDLE_LOADER = "$(TEST_HOST)";
				FRAMEWORK_SEARCH_PATHS = (
					"$(SDKROOT)/Developer/Library/Frameworks",
					"$(inherited)",
				);
				GCC_PREPROCESSOR_DEFINITIONS = (
					"DEBUG=1",
					"$(inherited)",
				);
				INFOPLIST_FILE = TableTestTests/Info.plist;
				LD_RUNPATH_SEARCH_PATHS = "$(inherited) @executable_path/Frameworks @loader_path/Frameworks";
				PRODUCT_NAME = "$(TARGET_NAME)";
				TEST_HOST = "$(BUILT_PRODUCTS_DIR)/TableTest.app/TableTest";
			};
			name = Debug;
		};
		2453AE851AB12ED200769460 /* Release */ = {
			isa = XCBuildConfiguration;
			buildSettings = {
				BUNDLE_LOADER = "$(TEST_HOST)";
				FRAMEWORK_SEARCH_PATHS = (
					"$(SDKROOT)/Developer/Library/Frameworks",
					"$(inherited)",
				);
				INFOPLIST_FILE = TableTestTests/Info.plist;
				LD_RUNPATH_SEARCH_PATHS = "$(inherited) @executable_path/Frameworks @loader_path/Frameworks";
				PRODUCT_NAME = "$(TARGET_NAME)";
				TEST_HOST = "$(BUILT_PRODUCTS_DIR)/TableTest.app/TableTest";
			};
			name = Release;
		};
/* End XCBuildConfiguration section */

/* Begin XCConfigurationList section */
		2453AE5C1AB12ED100769460 /* Build configuration list for PBXProject "TableTest" */ = {
			isa = XCConfigurationList;
			buildConfigurations = (
				2453AE7E1AB12ED200769460 /* Debug */,
				2453AE7F1AB12ED200769460 /* Release */,
			);
			defaultConfigurationIsVisible = 0;
			defaultConfigurationName = Release;
		};
		2453AE801AB12ED200769460 /* Build configuration list for PBXNativeTarget "TableTest" */ = {
			isa = XCConfigurationList;
			buildConfigurations = (
				2453AE811AB12ED200769460 /* Debug */,
				2453AE821AB12ED200769460 /* Release */,
			);
			defaultConfigurationIsVisible = 0;
			defaultConfigurationName = Release;
		};
		2453AE831AB12ED200769460 /* Build configuration list for PBXNativeTarget "TableTestTests" */ = {
			isa = XCConfigurationList;
			buildConfigurations = (
				2453AE841AB12ED200769460 /* Debug */,
				2453AE851AB12ED200769460 /* Release */,
			);
			defaultConfigurationIsVisible = 0;
			defaultConfigurationName = Release;
		};
/* End XCConfigurationList section */
	};
	rootObject = 2453AE591AB12ED100769460 /* Project object */;
}
